
Microsoft Visual Studio Solution File, Format Version 12.00
# Visual Studio Version 16
VisualStudioVersion = 16.0.29326.143
MinimumVisualStudioVersion = 10.0.40219.1
Project("{FAE04EC0-301F-11D3-BF4B-00C04F79EFBC}") = "assignment2", "assignment2.csproj", "{2461E2EF-3A0F-4931-B4B6-D0CBA8855CB8}"
EndProject
Global
	GlobalSection(SolutionConfigurationPlatforms) = preSolution
		Debug|Any CPU = Debug|Any CPU
		Release|Any CPU = Release|Any CPU
	EndGlobalSection
	GlobalSection(ProjectConfigurationPlatforms) = postSolution
		{2461E2EF-3A0F-4931-B4B6-D0CBA8855CB8}.Debug|Any CPU.ActiveCfg = Debug|Any CPU
		{2461E2EF-3A0F-4931-B4B6-D0CBA8855CB8}.Debug|Any CPU.Build.0 = Debug|Any CPU
		{2461E2EF-3A0F-4931-B4B6-D0CBA8855CB8}.Release|Any CPU.ActiveCfg = Release|Any CPU
		{2461E2EF-3A0F-4931-B4B6-D0CBA8855CB8}.Release|Any CPU.Build.0 = Release|Any CPU
	EndGlobalSection
	GlobalSection(SolutionProperties) = preSolution
		HideSolutionNode = FALSE
	EndGlobalSection
	GlobalSection(ExtensibilityGlobals) = postSolution
		SolutionGuid = {099DE4AE-6684-45D3-810B-99A6D8BF5D4E}
	EndGlobalSection
EndGlobal
