
Microsoft Visual Studio Solution File, Format Version 12.00
# Visual Studio Version 16
VisualStudioVersion = 16.0.29326.143
MinimumVisualStudioVersion = 10.0.40219.1
Project("{FAE04EC0-301F-11D3-BF4B-00C04F79EFBC}") = "Assignment2prob2", "Assignment2prob2.csproj", "{3B32363F-B4E2-4D35-A028-E69A303174A6}"
EndProject
Project("{FAE04EC0-301F-11D3-BF4B-00C04F79EFBC}") = "Assignment2Problem3", "..\Assignment2Problem3\Assignment2Problem3.csproj", "{0398E033-685C-4A53-AF31-47FF34DF9034}"
EndProject
Global
	GlobalSection(SolutionConfigurationPlatforms) = preSolution
		Debug|Any CPU = Debug|Any CPU
		Release|Any CPU = Release|Any CPU
	EndGlobalSection
	GlobalSection(ProjectConfigurationPlatforms) = postSolution
		{3B32363F-B4E2-4D35-A028-E69A303174A6}.Debug|Any CPU.ActiveCfg = Debug|Any CPU
		{3B32363F-B4E2-4D35-A028-E69A303174A6}.Debug|Any CPU.Build.0 = Debug|Any CPU
		{3B32363F-B4E2-4D35-A028-E69A303174A6}.Release|Any CPU.ActiveCfg = Release|Any CPU
		{3B32363F-B4E2-4D35-A028-E69A303174A6}.Release|Any CPU.Build.0 = Release|Any CPU
		{0398E033-685C-4A53-AF31-47FF34DF9034}.Debug|Any CPU.ActiveCfg = Debug|Any CPU
		{0398E033-685C-4A53-AF31-47FF34DF9034}.Debug|Any CPU.Build.0 = Debug|Any CPU
		{0398E033-685C-4A53-AF31-47FF34DF9034}.Release|Any CPU.ActiveCfg = Release|Any CPU
		{0398E033-685C-4A53-AF31-47FF34DF9034}.Release|Any CPU.Build.0 = Release|Any CPU
	EndGlobalSection
	GlobalSection(SolutionProperties) = preSolution
		HideSolutionNode = FALSE
	EndGlobalSection
	GlobalSection(ExtensibilityGlobals) = postSolution
		SolutionGuid = {2853F455-2209-4784-B2A7-5D646D2ED51F}
	EndGlobalSection
EndGlobal
